
Microsoft Visual Studio Solution File, Format Version 12.00
# Visual Studio Version 16
VisualStudioVersion = 16.0.31515.178
MinimumVisualStudioVersion = 10.0.40219.1
Project("{9A19103F-16F7-4668-BE54-9A1E7A4F7556}") = "GameOfLife", "GameOfLife\GameOfLife.csproj", "{49D52792-3BBA-4DB3-AB18-9DE8102F95AE}"
EndProject
Project("{FAE04EC0-301F-11D3-BF4B-00C04F79EFBC}") = "GameOfLife.Tests", "GameOfLife.Tests\GameOfLife.Tests.csproj", "{6A37DA3A-8307-40E5-9854-3270E094522D}"
EndProject
Global
	GlobalSection(SolutionConfigurationPlatforms) = preSolution
		Debug|Any CPU = Debug|Any CPU
		Release|Any CPU = Release|Any CPU
	EndGlobalSection
	GlobalSection(ProjectConfigurationPlatforms) = postSolution
		{49D52792-3BBA-4DB3-AB18-9DE8102F95AE}.Debug|Any CPU.ActiveCfg = Debug|Any CPU
		{49D52792-3BBA-4DB3-AB18-9DE8102F95AE}.Debug|Any CPU.Build.0 = Debug|Any CPU
		{49D52792-3BBA-4DB3-AB18-9DE8102F95AE}.Release|Any CPU.ActiveCfg = Release|Any CPU
		{49D52792-3BBA-4DB3-AB18-9DE8102F95AE}.Release|Any CPU.Build.0 = Release|Any CPU
		{6A37DA3A-8307-40E5-9854-3270E094522D}.Debug|Any CPU.ActiveCfg = Debug|Any CPU
		{6A37DA3A-8307-40E5-9854-3270E094522D}.Debug|Any CPU.Build.0 = Debug|Any CPU
		{6A37DA3A-8307-40E5-9854-3270E094522D}.Release|Any CPU.ActiveCfg = Release|Any CPU
		{6A37DA3A-8307-40E5-9854-3270E094522D}.Release|Any CPU.Build.0 = Release|Any CPU
	EndGlobalSection
	GlobalSection(SolutionProperties) = preSolution
		HideSolutionNode = FALSE
	EndGlobalSection
	GlobalSection(ExtensibilityGlobals) = postSolution
		SolutionGuid = {2B727855-FE70-4E0C-BE5B-97AE779763D6}
	EndGlobalSection
EndGlobal
